# This file is automatically @generated by Cargo.
# It is not intended for manual editing.
version = 4

[[package]]
name = "core"
version = "0.1.0"

[[package]]
name = "hello-app"
version = "0.1.0"
dependencies = [
 "core",
 "messingaround",
 "validation",
]

[[package]]
name = "messingaround"
version = "0.1.0"

[[package]]
name = "validation"
version = "0.1.0"
